
Microsoft Visual Studio Solution File, Format Version 12.00
# Visual Studio Version 16
VisualStudioVersion = 16.0.32002.261
MinimumVisualStudioVersion = 10.0.40219.1
Project("{2150E333-8FDC-42A3-9474-1A3956D46DE8}") = "Infrastructure", "Infrastructure", "{BE175E5B-25FB-4CD2-9798-4D490A515C40}"
EndProject
Project("{2150E333-8FDC-42A3-9474-1A3956D46DE8}") = "Presentation", "Presentation", "{E9FB2E54-7C02-44C5-844A-353BC8B6DFEE}"
EndProject
Project("{2150E333-8FDC-42A3-9474-1A3956D46DE8}") = "Services", "Services", "{384BD38A-DF31-4544-B2D4-BA00ABBB88B4}"
EndProject
Project("{9A19103F-16F7-4668-BE54-9A1E7A4F7556}") = "CrudDapper", "CrudDapper\CrudDapper.csproj", "{AADF0A11-5A7F-4480-BCF6-8505696378ED}"
EndProject
Project("{9A19103F-16F7-4668-BE54-9A1E7A4F7556}") = "Data", "Data\Data.csproj", "{278273A3-437D-4134-B417-C46352990971}"
EndProject
Project("{9A19103F-16F7-4668-BE54-9A1E7A4F7556}") = "CrossCutting", "CrossCutting\CrossCutting.csproj", "{3B953410-5F76-438C-9822-F634D0EBC39B}"
EndProject
Project("{9A19103F-16F7-4668-BE54-9A1E7A4F7556}") = "Services", "Services\Services.csproj", "{A8446811-C8AD-4B72-A6AE-D32F82F14D2E}"
EndProject
Project("{2150E333-8FDC-42A3-9474-1A3956D46DE8}") = "Domain", "Domain", "{22CBD7A4-AD55-4DA4-A5C7-D85A3412C876}"
EndProject
Project("{9A19103F-16F7-4668-BE54-9A1E7A4F7556}") = "Domain", "Domain\Domain.csproj", "{F7D23A4E-F66A-4C24-BE0B-F04EAA9CD62B}"
EndProject
Project("{2150E333-8FDC-42A3-9474-1A3956D46DE8}") = "Tests", "Tests", "{31175890-B642-48F9-8C8F-1498BDCEBF71}"
EndProject
Project("{9A19103F-16F7-4668-BE54-9A1E7A4F7556}") = "Tests.Tests", "Tests.Tests\Tests.Tests.csproj", "{D44EA9B7-947E-41B5-AB6F-68942400923C}"
EndProject
Project("{2150E333-8FDC-42A3-9474-1A3956D46DE8}") = "Handler", "Handler", "{C44A6536-77E8-457F-8008-4314EF06B0B4}"
EndProject
Project("{9A19103F-16F7-4668-BE54-9A1E7A4F7556}") = "Handler", "Handler\Handler.csproj", "{5255A125-0E7F-4DD6-ACFD-6CCF4535EEB4}"
EndProject
Global
	GlobalSection(SolutionConfigurationPlatforms) = preSolution
		Debug|Any CPU = Debug|Any CPU
		Release|Any CPU = Release|Any CPU
	EndGlobalSection
	GlobalSection(ProjectConfigurationPlatforms) = postSolution
		{AADF0A11-5A7F-4480-BCF6-8505696378ED}.Debug|Any CPU.ActiveCfg = Debug|Any CPU
		{AADF0A11-5A7F-4480-BCF6-8505696378ED}.Debug|Any CPU.Build.0 = Debug|Any CPU
		{AADF0A11-5A7F-4480-BCF6-8505696378ED}.Release|Any CPU.ActiveCfg = Release|Any CPU
		{AADF0A11-5A7F-4480-BCF6-8505696378ED}.Release|Any CPU.Build.0 = Release|Any CPU
		{278273A3-437D-4134-B417-C46352990971}.Debug|Any CPU.ActiveCfg = Debug|Any CPU
		{278273A3-437D-4134-B417-C46352990971}.Debug|Any CPU.Build.0 = Debug|Any CPU
		{278273A3-437D-4134-B417-C46352990971}.Release|Any CPU.ActiveCfg = Release|Any CPU
		{278273A3-437D-4134-B417-C46352990971}.Release|Any CPU.Build.0 = Release|Any CPU
		{3B953410-5F76-438C-9822-F634D0EBC39B}.Debug|Any CPU.ActiveCfg = Debug|Any CPU
		{3B953410-5F76-438C-9822-F634D0EBC39B}.Debug|Any CPU.Build.0 = Debug|Any CPU
		{3B953410-5F76-438C-9822-F634D0EBC39B}.Release|Any CPU.ActiveCfg = Release|Any CPU
		{3B953410-5F76-438C-9822-F634D0EBC39B}.Release|Any CPU.Build.0 = Release|Any CPU
		{A8446811-C8AD-4B72-A6AE-D32F82F14D2E}.Debug|Any CPU.ActiveCfg = Debug|Any CPU
		{A8446811-C8AD-4B72-A6AE-D32F82F14D2E}.Debug|Any CPU.Build.0 = Debug|Any CPU
		{A8446811-C8AD-4B72-A6AE-D32F82F14D2E}.Release|Any CPU.ActiveCfg = Release|Any CPU
		{A8446811-C8AD-4B72-A6AE-D32F82F14D2E}.Release|Any CPU.Build.0 = Release|Any CPU
		{F7D23A4E-F66A-4C24-BE0B-F04EAA9CD62B}.Debug|Any CPU.ActiveCfg = Debug|Any CPU
		{F7D23A4E-F66A-4C24-BE0B-F04EAA9CD62B}.Debug|Any CPU.Build.0 = Debug|Any CPU
		{F7D23A4E-F66A-4C24-BE0B-F04EAA9CD62B}.Release|Any CPU.ActiveCfg = Release|Any CPU
		{F7D23A4E-F66A-4C24-BE0B-F04EAA9CD62B}.Release|Any CPU.Build.0 = Release|Any CPU
		{D44EA9B7-947E-41B5-AB6F-68942400923C}.Debug|Any CPU.ActiveCfg = Debug|Any CPU
		{D44EA9B7-947E-41B5-AB6F-68942400923C}.Debug|Any CPU.Build.0 = Debug|Any CPU
		{D44EA9B7-947E-41B5-AB6F-68942400923C}.Release|Any CPU.ActiveCfg = Release|Any CPU
		{D44EA9B7-947E-41B5-AB6F-68942400923C}.Release|Any CPU.Build.0 = Release|Any CPU
		{5255A125-0E7F-4DD6-ACFD-6CCF4535EEB4}.Debug|Any CPU.ActiveCfg = Debug|Any CPU
		{5255A125-0E7F-4DD6-ACFD-6CCF4535EEB4}.Debug|Any CPU.Build.0 = Debug|Any CPU
		{5255A125-0E7F-4DD6-ACFD-6CCF4535EEB4}.Release|Any CPU.ActiveCfg = Release|Any CPU
		{5255A125-0E7F-4DD6-ACFD-6CCF4535EEB4}.Release|Any CPU.Build.0 = Release|Any CPU
	EndGlobalSection
	GlobalSection(SolutionProperties) = preSolution
		HideSolutionNode = FALSE
	EndGlobalSection
	GlobalSection(NestedProjects) = preSolution
		{AADF0A11-5A7F-4480-BCF6-8505696378ED} = {E9FB2E54-7C02-44C5-844A-353BC8B6DFEE}
		{278273A3-437D-4134-B417-C46352990971} = {BE175E5B-25FB-4CD2-9798-4D490A515C40}
		{3B953410-5F76-438C-9822-F634D0EBC39B} = {BE175E5B-25FB-4CD2-9798-4D490A515C40}
		{A8446811-C8AD-4B72-A6AE-D32F82F14D2E} = {384BD38A-DF31-4544-B2D4-BA00ABBB88B4}
		{F7D23A4E-F66A-4C24-BE0B-F04EAA9CD62B} = {22CBD7A4-AD55-4DA4-A5C7-D85A3412C876}
		{D44EA9B7-947E-41B5-AB6F-68942400923C} = {31175890-B642-48F9-8C8F-1498BDCEBF71}
		{5255A125-0E7F-4DD6-ACFD-6CCF4535EEB4} = {C44A6536-77E8-457F-8008-4314EF06B0B4}
	EndGlobalSection
	GlobalSection(ExtensibilityGlobals) = postSolution
		SolutionGuid = {B819C48D-5871-459D-A0DF-B13F1D5BC688}
	EndGlobalSection
EndGlobal
